{
  "name": "popcase-node",
  "version": "1.0.0",
  "lockfileVersion": 3,
  "requires": true,
  "packages": {
    "": {
      "name": "popcase-node",
      "version": "1.0.0",
      "license": "ISC",
      "dependencies": {
        "csv": "^6.3.10",
        "csv-parser": "^3.0.0",
        "csv-writer": "^1.6.0",
        "json2csv": "^6.0.0-alpha.2"
      }
    },
    "node_modules/@streamparser/json": {
      "version": "0.0.6",
      "resolved": "https://registry.npmjs.org/@streamparser/json/-/json-0.0.6.tgz",
      "integrity": "sha512-vL9EVn/v+OhZ+Wcs6O4iKE9EUpwHUqHmCtNUMWjqp+6dr85+XPOSGTEsqYNq1Vn04uk9SWlOVmx9J48ggJVT2Q=="
    },
    "node_modules/commander": {
      "version": "6.2.1",
      "resolved": "https://registry.npmjs.org/commander/-/commander-6.2.1.tgz",
      "integrity": "sha512-U7VdrJFnJgo4xjrHpTzu0yrHPGImdsmD95ZlgYSEajAn2JKzDhDTPG9kBTefmObL2w/ngeZnilk+OV9CG3d7UA==",
      "engines": {
        "node": ">= 6"
      }
    },
    "node_modules/csv": {
      "version": "6.3.10",
      "resolved": "https://registry.npmjs.org/csv/-/csv-6.3.10.tgz",
      "integrity": "sha512-5NYZG4AN2ZUthmNxIudgBEdMPUnbQHu9V4QTzBPqQzUP3KQsFiJo+8HQ0+oVxj1PomIT1/f67VI1QH/hsrZLKA==",
      "dependencies": {
        "csv-generate": "^4.4.1",
        "csv-parse": "^5.5.6",
        "csv-stringify": "^6.5.1",
        "stream-transform": "^3.3.2"
      },
      "engines": {
        "node": ">= 0.1.90"
      }
    },
    "node_modules/csv-generate": {
      "version": "4.4.1",
      "resolved": "https://registry.npmjs.org/csv-generate/-/csv-generate-4.4.1.tgz",
      "integrity": "sha512-O/einO0v4zPmXaOV+sYqGa02VkST4GP5GLpWBNHEouIU7pF3kpGf3D0kCCvX82ydIY4EKkOK+R8b1BYsRXravg=="
    },
    "node_modules/csv-parse": {
      "version": "5.5.6",
      "resolved": "https://registry.npmjs.org/csv-parse/-/csv-parse-5.5.6.tgz",
      "integrity": "sha512-uNpm30m/AGSkLxxy7d9yRXpJQFrZzVWLFBkS+6ngPcZkw/5k3L/jjFuj7tVnEpRn+QgmiXr21nDlhCiUK4ij2A=="
    },
    "node_modules/csv-parser": {
      "version": "3.0.0",
      "resolved": "https://registry.npmjs.org/csv-parser/-/csv-parser-3.0.0.tgz",
      "integrity": "sha512-s6OYSXAK3IdKqYO33y09jhypG/bSDHPuyCme/IdEHfWpLf/jKcpitVFyOC6UemgGk8v7Q5u2XE0vvwmanxhGlQ==",
      "dependencies": {
        "minimist": "^1.2.0"
      },
      "bin": {
        "csv-parser": "bin/csv-parser"
      },
      "engines": {
        "node": ">= 10"
      }
    },
    "node_modules/csv-stringify": {
      "version": "6.5.1",
      "resolved": "https://registry.npmjs.org/csv-stringify/-/csv-stringify-6.5.1.tgz",
      "integrity": "sha512-+9lpZfwpLntpTIEpFbwQyWuW/hmI/eHuJZD1XzeZpfZTqkf1fyvBbBLXTJJMsBuuS11uTShMqPwzx4A6ffXgRQ=="
    },
    "node_modules/csv-writer": {
      "version": "1.6.0",
      "resolved": "https://registry.npmjs.org/csv-writer/-/csv-writer-1.6.0.tgz",
      "integrity": "sha512-NOx7YDFWEsM/fTRAJjRpPp8t+MKRVvniAg9wQlUKx20MFrPs73WLJhFf5iteqrxNYnsy924K3Iroh3yNHeYd2g=="
    },
    "node_modules/json2csv": {
      "version": "6.0.0-alpha.2",
      "resolved": "https://registry.npmjs.org/json2csv/-/json2csv-6.0.0-alpha.2.tgz",
      "integrity": "sha512-nJ3oP6QxN8z69IT1HmrJdfVxhU1kLTBVgMfRnNZc37YEY+jZ4nU27rBGxT4vaqM/KUCavLRhntmTuBFqZLBUcA==",
      "dependencies": {
        "@streamparser/json": "^0.0.6",
        "commander": "^6.2.0",
        "lodash.get": "^4.4.2"
      },
      "bin": {
        "json2csv": "bin/json2csv.js"
      },
      "engines": {
        "node": ">= 12",
        "npm": ">= 6.13.0"
      }
    },
    "node_modules/lodash.get": {
      "version": "4.4.2",
      "resolved": "https://registry.npmjs.org/lodash.get/-/lodash.get-4.4.2.tgz",
      "integrity": "sha512-z+Uw/vLuy6gQe8cfaFWD7p0wVv8fJl3mbzXh33RS+0oW2wvUqiRXiQ69gLWSLpgB5/6sU+r6BlQR0MBILadqTQ=="
    },
    "node_modules/minimist": {
      "version": "1.2.8",
      "resolved": "https://registry.npmjs.org/minimist/-/minimist-1.2.8.tgz",
      "integrity": "sha512-2yyAR8qBkN3YuheJanUpWC5U3bb5osDywNB8RzDVlDwDHbocAJveqqj1u8+SVD7jkWT4yvsHCpWqqWqAxb0zCA==",
      "funding": {
        "url": "https://github.com/sponsors/ljharb"
      }
    },
    "node_modules/stream-transform": {
      "version": "3.3.2",
      "resolved": "https://registry.npmjs.org/stream-transform/-/stream-transform-3.3.2.tgz",
      "integrity": "sha512-v64PUnPy9Qw94NGuaEMo+9RHQe4jTBYf+NkTtqkCgeuiNo8NlL0LtLR7fkKWNVFtp3RhIm5Dlxkgm5uz7TDimQ=="
    }
  }
}
